
Microsoft Visual Studio Solution File, Format Version 12.00
# Visual Studio Version 16
VisualStudioVersion = 16.0.30621.155
MinimumVisualStudioVersion = 10.0.40219.1
Project("{FAE04EC0-301F-11D3-BF4B-00C04F79EFBC}") = "TrafficCallouts", "TrafficCallouts\TrafficCallouts.csproj", "{11D0F638-7F6E-4BC2-904D-A75A0550A04D}"
EndProject
Global
	GlobalSection(SolutionConfigurationPlatforms) = preSolution
		Debug|Any CPU = Debug|Any CPU
		Release|Any CPU = Release|Any CPU
	EndGlobalSection
	GlobalSection(ProjectConfigurationPlatforms) = postSolution
		{11D0F638-7F6E-4BC2-904D-A75A0550A04D}.Debug|Any CPU.ActiveCfg = Debug|Any CPU
		{11D0F638-7F6E-4BC2-904D-A75A0550A04D}.Debug|Any CPU.Build.0 = Debug|Any CPU
		{11D0F638-7F6E-4BC2-904D-A75A0550A04D}.Release|Any CPU.ActiveCfg = Release|Any CPU
		{11D0F638-7F6E-4BC2-904D-A75A0550A04D}.Release|Any CPU.Build.0 = Release|Any CPU
	EndGlobalSection
	GlobalSection(SolutionProperties) = preSolution
		HideSolutionNode = FALSE
	EndGlobalSection
	GlobalSection(ExtensibilityGlobals) = postSolution
		SolutionGuid = {0F2CB72D-A871-40F1-9FA0-146E5E478820}
	EndGlobalSection
EndGlobal
